
Microsoft Visual Studio Solution File, Format Version 12.00
# Visual Studio Version 17
VisualStudioVersion = 17.6.33829.357
MinimumVisualStudioVersion = 10.0.40219.1
Project("{FAE04EC0-301F-11D3-BF4B-00C04F79EFBC}") = "GraphEditor", "GraphEditor.csproj", "{7B496DD0-87EE-408D-83DD-2DE40D162C27}"
EndProject
Global
	GlobalSection(SolutionConfigurationPlatforms) = preSolution
		Debug|Any CPU = Debug|Any CPU
		Release|Any CPU = Release|Any CPU
	EndGlobalSection
	GlobalSection(ProjectConfigurationPlatforms) = postSolution
		{7B496DD0-87EE-408D-83DD-2DE40D162C27}.Debug|Any CPU.ActiveCfg = Debug|Any CPU
		{7B496DD0-87EE-408D-83DD-2DE40D162C27}.Debug|Any CPU.Build.0 = Debug|Any CPU
		{7B496DD0-87EE-408D-83DD-2DE40D162C27}.Release|Any CPU.ActiveCfg = Release|Any CPU
		{7B496DD0-87EE-408D-83DD-2DE40D162C27}.Release|Any CPU.Build.0 = Release|Any CPU
	EndGlobalSection
	GlobalSection(SolutionProperties) = preSolution
		HideSolutionNode = FALSE
	EndGlobalSection
	GlobalSection(ExtensibilityGlobals) = postSolution
		SolutionGuid = {E1FA0D59-700C-4E86-8002-6DDC1E7223EE}
	EndGlobalSection
EndGlobal
